
Microsoft Visual Studio Solution File, Format Version 12.00
# Visual Studio Version 16
VisualStudioVersion = 16.0.29025.244
MinimumVisualStudioVersion = 10.0.40219.1
Project("{FAE04EC0-301F-11D3-BF4B-00C04F79EFBC}") = "FightForFunWF", "FightForFunWF.csproj", "{77EECBC5-3A1A-4FC3-B6BD-D489DEE02CB2}"
EndProject
Global
	GlobalSection(SolutionConfigurationPlatforms) = preSolution
		Debug|Any CPU = Debug|Any CPU
		Release|Any CPU = Release|Any CPU
	EndGlobalSection
	GlobalSection(ProjectConfigurationPlatforms) = postSolution
		{77EECBC5-3A1A-4FC3-B6BD-D489DEE02CB2}.Debug|Any CPU.ActiveCfg = Debug|Any CPU
		{77EECBC5-3A1A-4FC3-B6BD-D489DEE02CB2}.Debug|Any CPU.Build.0 = Debug|Any CPU
		{77EECBC5-3A1A-4FC3-B6BD-D489DEE02CB2}.Release|Any CPU.ActiveCfg = Release|Any CPU
		{77EECBC5-3A1A-4FC3-B6BD-D489DEE02CB2}.Release|Any CPU.Build.0 = Release|Any CPU
	EndGlobalSection
	GlobalSection(SolutionProperties) = preSolution
		HideSolutionNode = FALSE
	EndGlobalSection
	GlobalSection(ExtensibilityGlobals) = postSolution
		SolutionGuid = {14DC3A64-FCA5-47C0-A9D0-EF082F6FE44D}
	EndGlobalSection
EndGlobal
